{
  "lockfileVersion": 1,
  "configVersion": 1,
  "workspaces": {
    "": {
      "dependencies": {
        "zod": "^4.3.6",
      },
      "devDependencies": {
        "@types/bun": "^1.3.6",
        "nitro": "latest",
        "oxfmt": "^0.27.0",
        "oxlint": "^1.42.0",
        "oxlint-tsgolint": "^0.11.2",
        "rolldown": "latest",
      },
    },
  },
  "packages": {
    "@emnapi/core": ["@emnapi/core@1.8.1", "", { "dependencies": { "@emnapi/wasi-threads": "1.1.0", "tslib": "^2.4.0" } }, "sha512-AvT9QFpxK0Zd8J0jopedNm+w/2fIzvtPKPjqyw9jwvBaReTTqPBk9Hixaz7KbjimP+QNz605/XnjFcDAL2pqBg=="],

    "@emnapi/runtime": ["@emnapi/runtime@1.8.1", "", { "dependencies": { "tslib": "^2.4.0" } }, "sha512-mehfKSMWjjNol8659Z8KxEMrdSJDDot5SXMq00dM8BN4o+CLNXQ0xH2V7EchNHV4RmbZLmmPdEaXZc5H2FXmDg=="],

    "@emnapi/wasi-threads": ["@emnapi/wasi-threads@1.1.0", "", { "dependencies": { "tslib": "^2.4.0" } }, "sha512-WI0DdZ8xFSbgMjR1sFsKABJ/C5OnRrjT06JXbZKexJGrDuPTzZdDYfFlsgcCXCyf+suG5QU2e/y1Wo2V/OapLQ=="],

    "@napi-rs/wasm-runtime": ["@napi-rs/wasm-runtime@1.1.1", "", { "dependencies": { "@emnapi/core": "^1.7.1", "@emnapi/runtime": "^1.7.1", "@tybys/wasm-util": "^0.10.1" } }, "sha512-p64ah1M1ld8xjWv3qbvFwHiFVWrq1yFvV4f7w+mzaqiR4IlSgkqhcRdHwsGgomwzBH51sRY4NEowLxnaBjcW/A=="],

    "@oxc-minify/binding-android-arm-eabi": ["@oxc-minify/binding-android-arm-eabi@0.110.0", "", { "os": "android", "cpu": "arm" }, "sha512-43fMTO8/5bMlqfOiNSZNKUzIqeLIYuB9Hr1Ohyf58B1wU11S2dPGibTXOGNaWsfgHy99eeZ1bSgeIHy/fEYqbw=="],

    "@oxc-minify/binding-android-arm64": ["@oxc-minify/binding-android-arm64@0.110.0", "", { "os": "android", "cpu": "arm64" }, "sha512-5oQrnn9eK/ccOp80PTrNj0Vq893NPNNRryjGpOIVsYNgWFuoGCfpnKg68oEFcN8bArizYAqw4nvgHljEnar69w=="],

    "@oxc-minify/binding-darwin-arm64": ["@oxc-minify/binding-darwin-arm64@0.110.0", "", { "os": "darwin", "cpu": "arm64" }, "sha512-dqBDgTG9tF2z2lrZp9E8wU+Godz1i8gCGSei2eFKS2hRploBOD5dmOLp1j4IMornkPvSQmbwB3uSjPq7fjx4EA=="],

    "@oxc-minify/binding-darwin-x64": ["@oxc-minify/binding-darwin-x64@0.110.0", "", { "os": "darwin", "cpu": "x64" }, "sha512-U0AqabqaooDOpYmeeOye8wClv8PSScELXgOfYqyqgrwH9J9KrpCE1jL8Rlqgz68QbL4mPw3V6sKiiHssI4CLeQ=="],

    "@oxc-minify/binding-freebsd-x64": ["@oxc-minify/binding-freebsd-x64@0.110.0", "", { "os": "freebsd", "cpu": "x64" }, "sha512-H0w8o/Wo1072WSdLfhwwrpFpwZnPpjQODlHuRYkTfsSSSJbTxQtjJd4uxk7YJsRv5RQp69y0I7zvdH6f8Xueyw=="],

    "@oxc-minify/binding-linux-arm-gnueabihf": ["@oxc-minify/binding-linux-arm-gnueabihf@0.110.0", "", { "os": "linux", "cpu": "arm" }, "sha512-qd6sW0AvEVYZhbVVMGtmKZw3b1zDYGIW+54Uh42moWRAj6i4Jhk/LGr6r9YNZpOINeuvZfkFuEeDD/jbu7xPUA=="],

    "@oxc-minify/binding-linux-arm-musleabihf": ["@oxc-minify/binding-linux-arm-musleabihf@0.110.0", "", { "os": "linux", "cpu": "arm" }, "sha512-7WXP0aXMrWSn0ScppUBi3jf68ebfBG0eri8kxLmBOVSBj6jw1repzkHMITJMBeLr5d0tT/51qFEptiAk2EP2iA=="],

    "@oxc-minify/binding-linux-arm64-gnu": ["@oxc-minify/binding-linux-arm64-gnu@0.110.0", "", { "os": "linux", "cpu": "arm64" }, "sha512-LYfADrq5x1W5gs+u9OIbMbDQNYkAECTXX0ufnAuf3oGmO51rF98kGFR5qJqC/6/csokDyT3wwTpxhE0TkcF/Og=="],

    "@oxc-minify/binding-linux-arm64-musl": ["@oxc-minify/binding-linux-arm64-musl@0.110.0", "", { "os": "linux", "cpu": "arm64" }, "sha512-53GjCVY8kvymk9P6qNDh6zyblcehF5QHstq9QgCjv13ONGRnSHjeds0PxIwiihD7h295bxsWs84DN39syLPH4Q=="],

    "@oxc-minify/binding-linux-ppc64-gnu": ["@oxc-minify/binding-linux-ppc64-gnu@0.110.0", "", { "os": "linux", "cpu": "ppc64" }, "sha512-li8XcN81dxbJDMBESnTgGhoiAQ+CNIdM0QGscZ4duVPjCry1RpX+5FJySFbGqG3pk4s9ZzlL/vtQtbRzZIZOzg=="],

    "@oxc-minify/binding-linux-riscv64-gnu": ["@oxc-minify/binding-linux-riscv64-gnu@0.110.0", "", { "os": "linux", "cpu": "none" }, "sha512-SweKfsnLKShu6UFV8mwuj1d1wmlNoL/FlAxPUzwjEBgwiT2HQkY24KnjBH+TIA+//1O83kzmWKvvs4OuEhdIEQ=="],

    "@oxc-minify/binding-linux-riscv64-musl": ["@oxc-minify/binding-linux-riscv64-musl@0.110.0", "", { "os": "linux", "cpu": "none" }, "sha512-oH8G4aFMP8XyTsEpdANC5PQyHgSeGlopHZuW1rpyYcaErg5YaK0vXjQ4EM5HVvPm+feBV24JjxgakTnZoF3aOQ=="],

    "@oxc-minify/binding-linux-s390x-gnu": ["@oxc-minify/binding-linux-s390x-gnu@0.110.0", "", { "os": "linux", "cpu": "s390x" }, "sha512-W9na+Vza7XVUlpf8wMt4QBfH35KeTENEmnpPUq3NSlbQHz8lSlSvhAafvo43NcKvHAXV3ckD/mUf2VkqSdbklg=="],

    "@oxc-minify/binding-linux-x64-gnu": ["@oxc-minify/binding-linux-x64-gnu@0.110.0", "", { "os": "linux", "cpu": "x64" }, "sha512-XJdA4mmmXOjJxSRgNJXsDP7Xe8h3gQhmb56hUcCrvq5d+h5UcEi2pR8rxsdIrS8QmkLuBA3eHkGK8E27D7DTgQ=="],

    "@oxc-minify/binding-linux-x64-musl": ["@oxc-minify/binding-linux-x64-musl@0.110.0", "", { "os": "linux", "cpu": "x64" }, "sha512-QqzvALuOTtSckI8x467R4GNArzYDb/yEh6aNzLoeaY1O7vfT7SPDwlOEcchaTznutpeS9Dy8gUS/AfqtUHaufw=="],

    "@oxc-minify/binding-openharmony-arm64": ["@oxc-minify/binding-openharmony-arm64@0.110.0", "", { "os": "none", "cpu": "arm64" }, "sha512-gAMssLs2Q3+uhLZxanh1DF+27Kaug3cf4PXb9AB7XK81DR+LVcKySXaoGYoOs20Co0fFSphd6rRzKge2qDK3dA=="],

    "@oxc-minify/binding-wasm32-wasi": ["@oxc-minify/binding-wasm32-wasi@0.110.0", "", { "dependencies": { "@napi-rs/wasm-runtime": "^1.1.1" }, "cpu": "none" }, "sha512-7Wqi5Zjl022bs2zXq+ICdalDPeDuCH/Nhbi8q2isLihAonMVIT0YH2hqqnNEylRNGYck+FJ6gRZwMpGCgrNxPg=="],

    "@oxc-minify/binding-win32-arm64-msvc": ["@oxc-minify/binding-win32-arm64-msvc@0.110.0", "", { "os": "win32", "cpu": "arm64" }, "sha512-ZPx+0Tj4dqn41ecyoGotlvekQKy6JxJCixn9Rw7h/dafZ3eDuBcEVh3c2ZoldXXsyMIt5ywI8IWzFZsjNedd5Q=="],

    "@oxc-minify/binding-win32-ia32-msvc": ["@oxc-minify/binding-win32-ia32-msvc@0.110.0", "", { "os": "win32", "cpu": "ia32" }, "sha512-H0Oyd3RWBfpEyvJIrFK94RYiY7KKSQl11Ym7LMDwLEagelIAfRCkt1amHZhFa/S3ZRoaOJFXzEw4YKeSsjVFsg=="],

    "@oxc-minify/binding-win32-x64-msvc": ["@oxc-minify/binding-win32-x64-msvc@0.110.0", "", { "os": "win32", "cpu": "x64" }, "sha512-Hr3nK90+qXKJ2kepXwFIcNfQQIOBecB4FFCyaMMypthoEEhVP08heRynj4eSXZ8NL9hLjs3fQzH8PJXfpznRnQ=="],

    "@oxc-project/types": ["@oxc-project/types@0.110.0", "", {}, "sha512-6Ct21OIlrEnFEJk5LT4e63pk3btsI6/TusD/GStLi7wYlGJNOl1GI9qvXAnRAxQU9zqA2Oz+UwhfTOU2rPZVow=="],

    "@oxc-transform/binding-android-arm-eabi": ["@oxc-transform/binding-android-arm-eabi@0.110.0", "", { "os": "android", "cpu": "arm" }, "sha512-sE9dxvqqAax1YYJ3t7j+h5ZSI9jl6dYuDfngl6ieZUrIy5P89/8JKVgAzgp8o3wQSo7ndpJvYsi1K4ZqrmbP7w=="],

    "@oxc-transform/binding-android-arm64": ["@oxc-transform/binding-android-arm64@0.110.0", "", { "os": "android", "cpu": "arm64" }, "sha512-nqtbP4aMCtsCZ6qpHlHaQoWVHSBtlKzwaAgwEOvR+9DWqHjk31BHvpGiDXlMeed6CVNpl3lCbWgygb3RcSjcfw=="],

    "@oxc-transform/binding-darwin-arm64": ["@oxc-transform/binding-darwin-arm64@0.110.0", "", { "os": "darwin", "cpu": "arm64" }, "sha512-oeSeHnL4Z4cMXtc8V0/rwoVn0dgwlS9q0j6LcHn9dIhtFEdp3W0iSBF8YmMQA+E7sILeLDjsHmHE4Kp0sOScXw=="],

    "@oxc-transform/binding-darwin-x64": ["@oxc-transform/binding-darwin-x64@0.110.0", "", { "os": "darwin", "cpu": "x64" }, "sha512-nL9K5x7OuZydobAGPylsEW9d4APs2qEkIBLMgQPA+kY8dtVD3IR87QsTbs4l4DBQYyun/+ay6qVCDlxqxdX2Jg=="],

    "@oxc-transform/binding-freebsd-x64": ["@oxc-transform/binding-freebsd-x64@0.110.0", "", { "os": "freebsd", "cpu": "x64" }, "sha512-GS29zXXirDQhZEUq8xKJ1azAWMuUy3Ih3W5Bc5ddk12LRthO5wRLFcKIyeHpAXCoXymQ+LmxbMtbPf84GPxouw=="],

    "@oxc-transform/binding-linux-arm-gnueabihf": ["@oxc-transform/binding-linux-arm-gnueabihf@0.110.0", "", { "os": "linux", "cpu": "arm" }, "sha512-glzDHak8ISyZJemCUi7RCvzNSl+MQ1ly9RceT2qRufhUsvNZ4C/2QLJ1HJwd2N6E88bO4laYn+RofdRzNnGGEA=="],

    "@oxc-transform/binding-linux-arm-musleabihf": ["@oxc-transform/binding-linux-arm-musleabihf@0.110.0", "", { "os": "linux", "cpu": "arm" }, "sha512-8JThvgJ2FRoTVfbp7e4wqeZqCZbtudM06SfZmNzND9kPNu/LVYygIR+72RWs+xm4bWkuYHg/islo/boNPtMT5Q=="],

    "@oxc-transform/binding-linux-arm64-gnu": ["@oxc-transform/binding-linux-arm64-gnu@0.110.0", "", { "os": "linux", "cpu": "arm64" }, "sha512-IRh21Ub/g4bkHoErZ0AUWMlWfoZaS0A6EaOVtbcY70RSYIMlrsbjiFwJCzM+b/1DD1rXbH5tsGcH7GweTbfRqg=="],

    "@oxc-transform/binding-linux-arm64-musl": ["@oxc-transform/binding-linux-arm64-musl@0.110.0", "", { "os": "linux", "cpu": "arm64" }, "sha512-e5JN94/oy+wevk76q+LMr+2klTTcO60uXa+Wkq558Ms7mdF2TvkKFI++d/JeiuIwJLTi/BxQ4qdT5FWcsHM/ug=="],

    "@oxc-transform/binding-linux-ppc64-gnu": ["@oxc-transform/binding-linux-ppc64-gnu@0.110.0", "", { "os": "linux", "cpu": "ppc64" }, "sha512-Y3/Tnnz1GvDpmv8FXBIKtdZPsdZklOEPdrL6NHrN5i2u54BOkybFaDSptgWF53wOrJlTrcmAVSE6fRKK9XCM2Q=="],

    "@oxc-transform/binding-linux-riscv64-gnu": ["@oxc-transform/binding-linux-riscv64-gnu@0.110.0", "", { "os": "linux", "cpu": "none" }, "sha512-Y0E35iA9/v9jlkNcP6tMJ+ZFOS0rLsWDqG6rU9z+X2R3fBFJBO9UARIK6ngx8upxk81y1TFR2CmBFhupfYdH6Q=="],

    "@oxc-transform/binding-linux-riscv64-musl": ["@oxc-transform/binding-linux-riscv64-musl@0.110.0", "", { "os": "linux", "cpu": "none" }, "sha512-JOUSYFfHjBUs7xp2FHmZHb8eTYD/oEu0NklS6JgUauqnoXZHiTLPLVW2o2uVCqldnabYHcomuwI2iqVFYJNhTw=="],

    "@oxc-transform/binding-linux-s390x-gnu": ["@oxc-transform/binding-linux-s390x-gnu@0.110.0", "", { "os": "linux", "cpu": "s390x" }, "sha512-7blgoXF9D3Ngzb7eun23pNrHJpoV/TtE6LObwlZ3Nmb4oZ6Z+yMvBVaoW68NarbmvNGfZ95zrOjgm6cVETLYBA=="],

    "@oxc-transform/binding-linux-x64-gnu": ["@oxc-transform/binding-linux-x64-gnu@0.110.0", "", { "os": "linux", "cpu": "x64" }, "sha512-YQ2joGWCVDZVEU2cD/r/w49hVjDm/Qu1BvC/7zs8LvprzdLS/HyMXGF2oA0puw0b+AqgYaz3bhwKB2xexHyITQ=="],

    "@oxc-transform/binding-linux-x64-musl": ["@oxc-transform/binding-linux-x64-musl@0.110.0", "", { "os": "linux", "cpu": "x64" }, "sha512-fkjr5qE632ULmNgvFXWDR/8668WxERz3tU7TQFp6JebPBneColitjSkdx6VKNVXEoMmQnOvBIGeP5tUNT384oA=="],

    "@oxc-transform/binding-openharmony-arm64": ["@oxc-transform/binding-openharmony-arm64@0.110.0", "", { "os": "none", "cpu": "arm64" }, "sha512-HWH9Zj+lMrdSTqFRCZsvDWMz7OnMjbdGsm3xURXWfRZpuaz0bVvyuZNDQXc4FyyhRDsemICaJbU1bgeIpUJDGw=="],

    "@oxc-transform/binding-wasm32-wasi": ["@oxc-transform/binding-wasm32-wasi@0.110.0", "", { "dependencies": { "@napi-rs/wasm-runtime": "^1.1.1" }, "cpu": "none" }, "sha512-ejdxHmYfIcHDPhZUe3WklViLt9mDEJE5BzcW7+R1vc5i/5JFA8D0l7NUSsHBJ7FB8Bu9gF+5iMDm6cXGAgaghw=="],

    "@oxc-transform/binding-win32-arm64-msvc": ["@oxc-transform/binding-win32-arm64-msvc@0.110.0", "", { "os": "win32", "cpu": "arm64" }, "sha512-9VTwpXCZs7xkV+mKhQ62dVk7KLnLXtEUxNS2T4nLz3iMl1IJbA4h5oltK0JoobtiUAnbkV53QmMVGW8+Nh3bDQ=="],

    "@oxc-transform/binding-win32-ia32-msvc": ["@oxc-transform/binding-win32-ia32-msvc@0.110.0", "", { "os": "win32", "cpu": "ia32" }, "sha512-5y0fzuNON7/F2hh2P94vANFaRPJ/3DI1hVl5rseCT8VUVqOGIjWaza0YS/D1g6t1WwycW2LWDMi2raOKoWU5GQ=="],

    "@oxc-transform/binding-win32-x64-msvc": ["@oxc-transform/binding-win32-x64-msvc@0.110.0", "", { "os": "win32", "cpu": "x64" }, "sha512-QROrowwlrApI1fEScMknGWKM6GTM/Z2xwMnDqvSaEmzNazBsDUlE08Jasw610hFEsYAVU2K5sp/YaCa9ORdP4A=="],

    "@oxfmt/darwin-arm64": ["@oxfmt/darwin-arm64@0.27.0", "", { "os": "darwin", "cpu": "arm64" }, "sha512-3vwqyzNlVTVFVzHMlrqxb4tgVgHp6FYS0uIxsIZ/SeEDG0azaqiOw/2t8LlJ9f72PKRLWSey+Ak99tiKgpbsnQ=="],

    "@oxfmt/darwin-x64": ["@oxfmt/darwin-x64@0.27.0", "", { "os": "darwin", "cpu": "x64" }, "sha512-5u8mZVLm70v6l1wLZ2MmeNIEzGsruwKw5F7duePzpakPfxGtLpiFNUwe4aBUJULTP6aMzH+A4dA0JOn8lb7Luw=="],

    "@oxfmt/linux-arm64-gnu": ["@oxfmt/linux-arm64-gnu@0.27.0", "", { "os": "linux", "cpu": "arm64" }, "sha512-aql/LLYriX/5Ar7o5Qivnp/qMTUPNiOCr7cFLvmvzYZa3XL0H8XtbKUfIVm+9ILR0urXQzcml+L8pLe1p8sgEg=="],

    "@oxfmt/linux-arm64-musl": ["@oxfmt/linux-arm64-musl@0.27.0", "", { "os": "linux", "cpu": "arm64" }, "sha512-6u/kNb7hubthg4u/pn3MK/GJLwPgjDvDDnjjr7TC0/OK/xztef8ToXmycxIQ9OeDNIJJf7Z0Ss/rHnKvQOWzRw=="],

    "@oxfmt/linux-x64-gnu": ["@oxfmt/linux-x64-gnu@0.27.0", "", { "os": "linux", "cpu": "x64" }, "sha512-EhvDfFHO1yrK/Cu75eU1U828lBsW2cV0JITOrka5AjR3PlmnQQ03Mr9ROkWkbPmzAMklXI4Q16eO+4n+7FhS1w=="],

    "@oxfmt/linux-x64-musl": ["@oxfmt/linux-x64-musl@0.27.0", "", { "os": "linux", "cpu": "x64" }, "sha512-1pgjuwMT5sCekuteYZ7LkDsto7DJouaccwjozHqdWohSj2zJpFeSP2rMaC+6JJ1KD5r9HG9sWRuHZGEaoX9uOw=="],

    "@oxfmt/win32-arm64": ["@oxfmt/win32-arm64@0.27.0", "", { "os": "win32", "cpu": "arm64" }, "sha512-mmuEhXZEhAYAeyjVTWwGKIA3RSb2b/He9wrXkDJPhmqp8qISUzkVg1dQmLEt4hD+wI5rzR+6vchPt521tzuRDA=="],

    "@oxfmt/win32-x64": ["@oxfmt/win32-x64@0.27.0", "", { "os": "win32", "cpu": "x64" }, "sha512-cXKVkL1DuRq31QjwHqtBEUztyBmM9YZKdeFhsDLBURNdk1CFW42uWsmTsaqrXSoiCj7nCjfP0pwTOzxhQZra/A=="],

    "@oxlint-tsgolint/darwin-arm64": ["@oxlint-tsgolint/darwin-arm64@0.11.2", "", { "os": "darwin", "cpu": "arm64" }, "sha512-LXQ47SH4MjzgI8xXMMB22N9G6yXojL8YNemPgvwtMw37by5H2rOBXsdViX2r0ubV75ak1/7GlxVAFEKQ9lc+Dw=="],

    "@oxlint-tsgolint/darwin-x64": ["@oxlint-tsgolint/darwin-x64@0.11.2", "", { "os": "darwin", "cpu": "x64" }, "sha512-am1cy2mhq56DhG5gdErCfAnHYr2JiJIxRtRyXfAkAVekteaAwRwK1OytjO7s455oGNUVKPD3M8bkEJ3L/FWk8A=="],

    "@oxlint-tsgolint/linux-arm64": ["@oxlint-tsgolint/linux-arm64@0.11.2", "", { "os": "linux", "cpu": "arm64" }, "sha512-KNMXweLVdUevvi7XvDiiJbQSBKZQmRyBAwS2G8R32AxUusdDccmt0yB++0nH5WN+U5tLLEa0BlkaVTVHhxThAw=="],

    "@oxlint-tsgolint/linux-x64": ["@oxlint-tsgolint/linux-x64@0.11.2", "", { "os": "linux", "cpu": "x64" }, "sha512-bkKayG26rLua4RVhtZOk8GbplBTTD9k+NI8EA+qwP7TSC3ndtIlj/LHNo17+DPa4IYrhd+2vLsUxTvGh7TeTgg=="],

    "@oxlint-tsgolint/win32-arm64": ["@oxlint-tsgolint/win32-arm64@0.11.2", "", { "os": "win32", "cpu": "arm64" }, "sha512-0imJQy2VhFeOms961lgAEbmlr3LdepBb2ClWYeu0HPc8Mi05x/bT4BReFY7L4gdctajYIrKDS2Dzp2zEqeHn1g=="],

    "@oxlint-tsgolint/win32-x64": ["@oxlint-tsgolint/win32-x64@0.11.2", "", { "os": "win32", "cpu": "x64" }, "sha512-kAYRB8WP+t6TRzO/4DALoggtw8NjE6mPk8VzEOK3EJRtE3Pdo1fdVVCE2xaPctQEf7JZ+1D55ZNLnTR7lT8Bxg=="],

    "@oxlint/darwin-arm64": ["@oxlint/darwin-arm64@1.42.0", "", { "os": "darwin", "cpu": "arm64" }, "sha512-ui5CdAcDsXPQwZQEXOOSWsilJWhgj9jqHCvYBm2tDE8zfwZZuF9q58+hGKH1x5y0SV4sRlyobB2Quq6uU6EgeA=="],

    "@oxlint/darwin-x64": ["@oxlint/darwin-x64@1.42.0", "", { "os": "darwin", "cpu": "x64" }, "sha512-wo0M/hcpHRv7vFje99zHHqheOhVEwUOKjOgBKyi0M99xcLizv04kcSm1rTd6HSCeZgOtiJYZRVAlKhQOQw2byQ=="],

    "@oxlint/linux-arm64-gnu": ["@oxlint/linux-arm64-gnu@1.42.0", "", { "os": "linux", "cpu": "arm64" }, "sha512-j4QzfCM8ks+OyM+KKYWDiBEQsm5RCW50H1Wz16wUyoFsobJ+X5qqcJxq6HvkE07m8euYmZelyB0WqsiDoz1v8g=="],

    "@oxlint/linux-arm64-musl": ["@oxlint/linux-arm64-musl@1.42.0", "", { "os": "linux", "cpu": "arm64" }, "sha512-g5b1Uw7zo6yw4Ymzyd1etKzAY7xAaGA3scwB8tAp3QzuY7CYdfTwlhiLKSAKbd7T/JBgxOXAGNcLDorJyVTXcg=="],

    "@oxlint/linux-x64-gnu": ["@oxlint/linux-x64-gnu@1.42.0", "", { "os": "linux", "cpu": "x64" }, "sha512-HnD99GD9qAbpV4q9iQil7mXZUJFpoBdDavfcC2CgGLPlawfcV5COzQPNwOgvPVkr7C0cBx6uNCq3S6r9IIiEIg=="],

    "@oxlint/linux-x64-musl": ["@oxlint/linux-x64-musl@1.42.0", "", { "os": "linux", "cpu": "x64" }, "sha512-8NTe8A78HHFn+nBi+8qMwIjgv9oIBh+9zqCPNLH56ah4vKOPvbePLI6NIv9qSkmzrBuu8SB+FJ2TH/G05UzbNA=="],

    "@oxlint/win32-arm64": ["@oxlint/win32-arm64@1.42.0", "", { "os": "win32", "cpu": "arm64" }, "sha512-lAPS2YAuu+qFqoTNPFcNsxXjwSV0M+dOgAzzVTAN7Yo2ifj+oLOx0GsntWoM78PvQWI7Q827ZxqtU2ImBmDapA=="],

    "@oxlint/win32-x64": ["@oxlint/win32-x64@1.42.0", "", { "os": "win32", "cpu": "x64" }, "sha512-3/KmyUOHNriL6rLpaFfm9RJxdhpXY2/Ehx9UuorJr2pUA+lrZL15FAEx/DOszYm5r10hfzj40+efAHcCilNvSQ=="],

    "@rolldown/binding-android-arm64": ["@rolldown/binding-android-arm64@1.0.0-rc.1", "", { "os": "android", "cpu": "arm64" }, "sha512-He6ZoCfv5D7dlRbrhNBkuMVIHd0GDnjJwbICE1OWpG7G3S2gmJ+eXkcNLJjzjNDpeI2aRy56ou39AJM9AD8YFA=="],

    "@rolldown/binding-darwin-arm64": ["@rolldown/binding-darwin-arm64@1.0.0-rc.1", "", { "os": "darwin", "cpu": "arm64" }, "sha512-YzJdn08kSOXnj85ghHauH2iHpOJ6eSmstdRTLyaziDcUxe9SyQJgGyx/5jDIhDvtOcNvMm2Ju7m19+S/Rm1jFg=="],

    "@rolldown/binding-darwin-x64": ["@rolldown/binding-darwin-x64@1.0.0-rc.1", "", { "os": "darwin", "cpu": "x64" }, "sha512-cIvAbqM+ZVV6lBSKSBtlNqH5iCiW933t1q8j0H66B3sjbe8AxIRetVqfGgcHcJtMzBIkIALlL9fcDrElWLJQcQ=="],

    "@rolldown/binding-freebsd-x64": ["@rolldown/binding-freebsd-x64@1.0.0-rc.1", "", { "os": "freebsd", "cpu": "x64" }, "sha512-rVt+B1B/qmKwCl1XD02wKfgh3vQPXRXdB/TicV2w6g7RVAM1+cZcpigwhLarqiVCxDObFZ7UgXCxPC7tpDoRog=="],

    "@rolldown/binding-linux-arm-gnueabihf": ["@rolldown/binding-linux-arm-gnueabihf@1.0.0-rc.1", "", { "os": "linux", "cpu": "arm" }, "sha512-69YKwJJBOFprQa1GktPgbuBOfnn+EGxu8sBJ1TjPER+zhSpYeaU4N07uqmyBiksOLGXsMegymuecLobfz03h8Q=="],

    "@rolldown/binding-linux-arm64-gnu": ["@rolldown/binding-linux-arm64-gnu@1.0.0-rc.1", "", { "os": "linux", "cpu": "arm64" }, "sha512-9JDhHUf3WcLfnViFWm+TyorqUtnSAHaCzlSNmMOq824prVuuzDOK91K0Hl8DUcEb9M5x2O+d2/jmBMsetRIn3g=="],

    "@rolldown/binding-linux-arm64-musl": ["@rolldown/binding-linux-arm64-musl@1.0.0-rc.1", "", { "os": "linux", "cpu": "arm64" }, "sha512-UvApLEGholmxw/HIwmUnLq3CwdydbhaHHllvWiCTNbyGom7wTwOtz5OAQbAKZYyiEOeIXZNPkM7nA4Dtng7CLw=="],

    "@rolldown/binding-linux-x64-gnu": ["@rolldown/binding-linux-x64-gnu@1.0.0-rc.1", "", { "os": "linux", "cpu": "x64" }, "sha512-uVctNgZHiGnJx5Fij7wHLhgw4uyZBVi6mykeWKOqE7bVy9Hcxn0fM/IuqdMwk6hXlaf9fFShDTFz2+YejP+x0A=="],

    "@rolldown/binding-linux-x64-musl": ["@rolldown/binding-linux-x64-musl@1.0.0-rc.1", "", { "os": "linux", "cpu": "x64" }, "sha512-T6Eg0xWwcxd/MzBcuv4Z37YVbUbJxy5cMNnbIt/Yr99wFwli30O4BPlY8hKeGyn6lWNtU0QioBS46lVzDN38bg=="],

    "@rolldown/binding-openharmony-arm64": ["@rolldown/binding-openharmony-arm64@1.0.0-rc.1", "", { "os": "none", "cpu": "arm64" }, "sha512-PuGZVS2xNJyLADeh2F04b+Cz4NwvpglbtWACgrDOa5YDTEHKwmiTDjoD5eZ9/ptXtcpeFrMqD2H4Zn33KAh1Eg=="],

    "@rolldown/binding-wasm32-wasi": ["@rolldown/binding-wasm32-wasi@1.0.0-rc.1", "", { "dependencies": { "@napi-rs/wasm-runtime": "^1.1.1" }, "cpu": "none" }, "sha512-2mOxY562ihHlz9lEXuaGEIDCZ1vI+zyFdtsoa3M62xsEunDXQE+DVPO4S4x5MPK9tKulG/aFcA/IH5eVN257Cw=="],

    "@rolldown/binding-win32-arm64-msvc": ["@rolldown/binding-win32-arm64-msvc@1.0.0-rc.1", "", { "os": "win32", "cpu": "arm64" }, "sha512-oQVOP5cfAWZwRD0Q3nGn/cA9FW3KhMMuQ0NIndALAe6obqjLhqYVYDiGGRGrxvnjJsVbpLwR14gIUYnpIcHR1g=="],

    "@rolldown/binding-win32-x64-msvc": ["@rolldown/binding-win32-x64-msvc@1.0.0-rc.1", "", { "os": "win32", "cpu": "x64" }, "sha512-Ydsxxx++FNOuov3wCBPaYjZrEvKOOGq3k+BF4BPridhg2pENfitSRD2TEuQ8i33bp5VptuNdC9IzxRKU031z5A=="],

    "@rolldown/pluginutils": ["@rolldown/pluginutils@1.0.0-rc.1", "", {}, "sha512-UTBjtTxVOhodhzFVp/ayITaTETRHPUPYZPXQe0WU0wOgxghMojXxYjOiPOauKIYNWJAWS2fd7gJgGQK8GU8vDA=="],

    "@tybys/wasm-util": ["@tybys/wasm-util@0.10.1", "", { "dependencies": { "tslib": "^2.4.0" } }, "sha512-9tTaPJLSiejZKx+Bmog4uSubteqTvFrVrURwkmHixBo0G4seD0zUxp98E1DzUBJxLQ3NPwXrGKDiVjwx/DpPsg=="],

    "@types/bun": ["@types/bun@1.3.6", "", { "dependencies": { "bun-types": "1.3.6" } }, "sha512-uWCv6FO/8LcpREhenN1d1b6fcspAB+cefwD7uti8C8VffIv0Um08TKMn98FynpTiU38+y2dUO55T11NgDt8VAA=="],

    "@types/node": ["@types/node@25.0.10", "", { "dependencies": { "undici-types": "~7.16.0" } }, "sha512-zWW5KPngR/yvakJgGOmZ5vTBemDoSqF3AcV/LrO5u5wTWyEAVVh+IT39G4gtyAkh3CtTZs8aX/yRM82OfzHJRg=="],

    "bun-types": ["bun-types@1.3.6", "", { "dependencies": { "@types/node": "*" } }, "sha512-OlFwHcnNV99r//9v5IIOgQ9Uk37gZqrNMCcqEaExdkVq3Avwqok1bJFmvGMCkCE0FqzdY8VMOZpfpR3lwI+CsQ=="],

    "consola": ["consola@3.4.2", "", {}, "sha512-5IKcdX0nnYavi6G7TtOhwkYzyjfJlatbjMjuLSfE2kYT5pMDOilZ4OvMhi637CcDICTmz3wARPoyhqyX1Y+XvA=="],

    "crossws": ["crossws@0.4.4", "", { "peerDependencies": { "srvx": ">=0.7.1" }, "optionalPeers": ["srvx"] }, "sha512-w6c4OdpRNnudVmcgr7brb/+/HmYjMQvYToO/oTrprTwxRUiom3LYWU1PMWuD006okbUWpII1Ea9/+kwpUfmyRg=="],

    "db0": ["db0@0.3.4", "", { "peerDependencies": { "@electric-sql/pglite": "*", "@libsql/client": "*", "better-sqlite3": "*", "drizzle-orm": "*", "mysql2": "*", "sqlite3": "*" }, "optionalPeers": ["@electric-sql/pglite", "@libsql/client", "better-sqlite3", "drizzle-orm", "mysql2", "sqlite3"] }, "sha512-RiXXi4WaNzPTHEOu8UPQKMooIbqOEyqA1t7Z6MsdxSCeb8iUC9ko3LcmsLmeUt2SM5bctfArZKkRQggKZz7JNw=="],

    "h3": ["h3@2.0.1-rc.11", "", { "dependencies": { "rou3": "^0.7.12", "srvx": "^0.10.1" }, "peerDependencies": { "crossws": "^0.4.1" }, "optionalPeers": ["crossws"] }, "sha512-2myzjCqy32c1As9TjZW9fNZXtLqNedjFSrdFy2AjFBQQ3LzrnGoDdFDYfC0tV2e4vcyfJ2Sfo/F6NQhO2Ly/Mw=="],

    "jiti": ["jiti@2.6.1", "", { "bin": { "jiti": "lib/jiti-cli.mjs" } }, "sha512-ekilCSN1jwRvIbgeg/57YFh8qQDNbwDb9xT/qu2DAHbFFZUicIl4ygVaAvzveMhMVr3LnpSKTNnwt8PoOfmKhQ=="],

    "nf3": ["nf3@0.3.6", "", {}, "sha512-/XRUUILTAyuy1XunyVQuqGp8aEmZ2TfRTn8Rji+FA4xqv20qzL4jV7Reqbuey2XucKgPeRVcEYGScmJM0UnB6Q=="],

    "nitro": ["nitro@3.0.1-alpha.2", "", { "dependencies": { "consola": "^3.4.2", "crossws": "^0.4.3", "db0": "^0.3.4", "h3": "^2.0.1-rc.11", "jiti": "^2.6.1", "nf3": "^0.3.5", "ofetch": "^2.0.0-alpha.3", "ohash": "^2.0.11", "oxc-minify": "^0.110.0", "oxc-transform": "^0.110.0", "srvx": "^0.10.1", "undici": "^7.18.2", "unenv": "^2.0.0-rc.24", "unstorage": "^2.0.0-alpha.5" }, "peerDependencies": { "rolldown": ">=1.0.0-beta.0", "rollup": "^4", "vite": "^7 || ^8 || >=8.0.0-0", "xml2js": "^0.6.2" }, "optionalPeers": ["rolldown", "rollup", "vite", "xml2js"], "bin": { "nitro": "dist/cli/index.mjs" } }, "sha512-YviDY5J/trS821qQ1fpJtpXWIdPYiOizC/meHavlm1Hfuhx//H+Egd1+4C5SegJRgtWMnRPW9n//6Woaw81cTQ=="],

    "ofetch": ["ofetch@2.0.0-alpha.3", "", {}, "sha512-zpYTCs2byOuft65vI3z43Dd6iSdFbOZZLb9/d21aCpx2rGastVU9dOCv0lu4ykc1Ur1anAYjDi3SUvR0vq50JA=="],

    "ohash": ["ohash@2.0.11", "", {}, "sha512-RdR9FQrFwNBNXAr4GixM8YaRZRJ5PUWbKYbE5eOsrwAjJW0q2REGcf79oYPsLyskQCZG1PLN+S/K1V00joZAoQ=="],

    "oxc-minify": ["oxc-minify@0.110.0", "", { "optionalDependencies": { "@oxc-minify/binding-android-arm-eabi": "0.110.0", "@oxc-minify/binding-android-arm64": "0.110.0", "@oxc-minify/binding-darwin-arm64": "0.110.0", "@oxc-minify/binding-darwin-x64": "0.110.0", "@oxc-minify/binding-freebsd-x64": "0.110.0", "@oxc-minify/binding-linux-arm-gnueabihf": "0.110.0", "@oxc-minify/binding-linux-arm-musleabihf": "0.110.0", "@oxc-minify/binding-linux-arm64-gnu": "0.110.0", "@oxc-minify/binding-linux-arm64-musl": "0.110.0", "@oxc-minify/binding-linux-ppc64-gnu": "0.110.0", "@oxc-minify/binding-linux-riscv64-gnu": "0.110.0", "@oxc-minify/binding-linux-riscv64-musl": "0.110.0", "@oxc-minify/binding-linux-s390x-gnu": "0.110.0", "@oxc-minify/binding-linux-x64-gnu": "0.110.0", "@oxc-minify/binding-linux-x64-musl": "0.110.0", "@oxc-minify/binding-openharmony-arm64": "0.110.0", "@oxc-minify/binding-wasm32-wasi": "0.110.0", "@oxc-minify/binding-win32-arm64-msvc": "0.110.0", "@oxc-minify/binding-win32-ia32-msvc": "0.110.0", "@oxc-minify/binding-win32-x64-msvc": "0.110.0" } }, "sha512-KWGTzPo83QmGrXC4ml83PM9HDwUPtZFfasiclUvTV4i3/0j7xRRqINVkrL77CbQnoWura3CMxkRofjQKVDuhBw=="],

    "oxc-transform": ["oxc-transform@0.110.0", "", { "optionalDependencies": { "@oxc-transform/binding-android-arm-eabi": "0.110.0", "@oxc-transform/binding-android-arm64": "0.110.0", "@oxc-transform/binding-darwin-arm64": "0.110.0", "@oxc-transform/binding-darwin-x64": "0.110.0", "@oxc-transform/binding-freebsd-x64": "0.110.0", "@oxc-transform/binding-linux-arm-gnueabihf": "0.110.0", "@oxc-transform/binding-linux-arm-musleabihf": "0.110.0", "@oxc-transform/binding-linux-arm64-gnu": "0.110.0", "@oxc-transform/binding-linux-arm64-musl": "0.110.0", "@oxc-transform/binding-linux-ppc64-gnu": "0.110.0", "@oxc-transform/binding-linux-riscv64-gnu": "0.110.0", "@oxc-transform/binding-linux-riscv64-musl": "0.110.0", "@oxc-transform/binding-linux-s390x-gnu": "0.110.0", "@oxc-transform/binding-linux-x64-gnu": "0.110.0", "@oxc-transform/binding-linux-x64-musl": "0.110.0", "@oxc-transform/binding-openharmony-arm64": "0.110.0", "@oxc-transform/binding-wasm32-wasi": "0.110.0", "@oxc-transform/binding-win32-arm64-msvc": "0.110.0", "@oxc-transform/binding-win32-ia32-msvc": "0.110.0", "@oxc-transform/binding-win32-x64-msvc": "0.110.0" } }, "sha512-/fymQNzzUoKZweH0nC5yvbI2eR0yWYusT9TEKDYVgOgYrf9Qmdez9lUFyvxKR9ycx+PTHi/reIOzqf3wkShQsw=="],

    "oxfmt": ["oxfmt@0.27.0", "", { "dependencies": { "tinypool": "2.0.0" }, "optionalDependencies": { "@oxfmt/darwin-arm64": "0.27.0", "@oxfmt/darwin-x64": "0.27.0", "@oxfmt/linux-arm64-gnu": "0.27.0", "@oxfmt/linux-arm64-musl": "0.27.0", "@oxfmt/linux-x64-gnu": "0.27.0", "@oxfmt/linux-x64-musl": "0.27.0", "@oxfmt/win32-arm64": "0.27.0", "@oxfmt/win32-x64": "0.27.0" }, "bin": { "oxfmt": "bin/oxfmt" } }, "sha512-FHR0HR3WeMKBuVEQvW3EeiRZXs/cQzNHxGbhCoAIEPr1FVcOa9GCqrKJXPqv2jkzmCg6Wqot+DvN9RzemyFJhw=="],

    "oxlint": ["oxlint@1.42.0", "", { "optionalDependencies": { "@oxlint/darwin-arm64": "1.42.0", "@oxlint/darwin-x64": "1.42.0", "@oxlint/linux-arm64-gnu": "1.42.0", "@oxlint/linux-arm64-musl": "1.42.0", "@oxlint/linux-x64-gnu": "1.42.0", "@oxlint/linux-x64-musl": "1.42.0", "@oxlint/win32-arm64": "1.42.0", "@oxlint/win32-x64": "1.42.0" }, "peerDependencies": { "oxlint-tsgolint": ">=0.11.2" }, "optionalPeers": ["oxlint-tsgolint"], "bin": { "oxlint": "bin/oxlint" } }, "sha512-qnspC/lrp8FgKNaONLLn14dm+W5t0SSlus6V5NJpgI2YNT1tkFYZt4fBf14ESxf9AAh98WBASnW5f0gtw462Lg=="],

    "oxlint-tsgolint": ["oxlint-tsgolint@0.11.2", "", { "optionalDependencies": { "@oxlint-tsgolint/darwin-arm64": "0.11.2", "@oxlint-tsgolint/darwin-x64": "0.11.2", "@oxlint-tsgolint/linux-arm64": "0.11.2", "@oxlint-tsgolint/linux-x64": "0.11.2", "@oxlint-tsgolint/win32-arm64": "0.11.2", "@oxlint-tsgolint/win32-x64": "0.11.2" }, "bin": { "tsgolint": "bin/tsgolint.js" } }, "sha512-CgtoZ4vAQCWYaJwQRPIFp6aId+db/s1cgIPJky7Sx8hA/nEO/ZSfvL4bee1GmldU84GcVC8nNiF6FJEdj2xDEw=="],

    "pathe": ["pathe@2.0.3", "", {}, "sha512-WUjGcAqP1gQacoQe+OBJsFA7Ld4DyXuUIjZ5cc75cLHvJ7dtNsTugphxIADwspS+AraAUePCKrSVtPLFj/F88w=="],

    "rolldown": ["rolldown@1.0.0-rc.1", "", { "dependencies": { "@oxc-project/types": "=0.110.0", "@rolldown/pluginutils": "1.0.0-rc.1" }, "optionalDependencies": { "@rolldown/binding-android-arm64": "1.0.0-rc.1", "@rolldown/binding-darwin-arm64": "1.0.0-rc.1", "@rolldown/binding-darwin-x64": "1.0.0-rc.1", "@rolldown/binding-freebsd-x64": "1.0.0-rc.1", "@rolldown/binding-linux-arm-gnueabihf": "1.0.0-rc.1", "@rolldown/binding-linux-arm64-gnu": "1.0.0-rc.1", "@rolldown/binding-linux-arm64-musl": "1.0.0-rc.1", "@rolldown/binding-linux-x64-gnu": "1.0.0-rc.1", "@rolldown/binding-linux-x64-musl": "1.0.0-rc.1", "@rolldown/binding-openharmony-arm64": "1.0.0-rc.1", "@rolldown/binding-wasm32-wasi": "1.0.0-rc.1", "@rolldown/binding-win32-arm64-msvc": "1.0.0-rc.1", "@rolldown/binding-win32-x64-msvc": "1.0.0-rc.1" }, "bin": { "rolldown": "bin/cli.mjs" } }, "sha512-M3AeZjYE6UclblEf531Hch0WfVC/NOL43Cc+WdF3J50kk5/fvouHhDumSGTh0oRjbZ8C4faaVr5r6Nx1xMqDGg=="],

    "rou3": ["rou3@0.7.12", "", {}, "sha512-iFE4hLDuloSWcD7mjdCDhx2bKcIsYbtOTpfH5MHHLSKMOUyjqQXTeZVa289uuwEGEKFoE/BAPbhaU4B774nceg=="],

    "srvx": ["srvx@0.10.1", "", { "bin": { "srvx": "bin/srvx.mjs" } }, "sha512-A//xtfak4eESMWWydSRFUVvCTQbSwivnGCEf8YGPe2eHU0+Z6znfUTCPF0a7oV3sObSOcrXHlL6Bs9vVctfXdg=="],

    "tinypool": ["tinypool@2.0.0", "", {}, "sha512-/RX9RzeH2xU5ADE7n2Ykvmi9ED3FBGPAjw9u3zucrNNaEBIO0HPSYgL0NT7+3p147ojeSdaVu08F6hjpv31HJg=="],

    "tslib": ["tslib@2.8.1", "", {}, "sha512-oJFu94HQb+KVduSUQL7wnpmqnfmLsOA/nAh6b6EH0wCEoK0/mPeXU6c3wKDV83MkOuHPRHtSXKKU99IBazS/2w=="],

    "undici": ["undici@7.19.1", "", {}, "sha512-Gpq0iNm5M6cQWlyHQv9MV+uOj1jWk7LpkoE5vSp/7zjb4zMdAcUD+VL5y0nH4p9EbUklq00eVIIX/XcDHzu5xg=="],

    "undici-types": ["undici-types@7.16.0", "", {}, "sha512-Zz+aZWSj8LE6zoxD+xrjh4VfkIG8Ya6LvYkZqtUQGJPZjYl53ypCaUwWqo7eI0x66KBGeRo+mlBEkMSeSZ38Nw=="],

    "unenv": ["unenv@2.0.0-rc.24", "", { "dependencies": { "pathe": "^2.0.3" } }, "sha512-i7qRCmY42zmCwnYlh9H2SvLEypEFGye5iRmEMKjcGi7zk9UquigRjFtTLz0TYqr0ZGLZhaMHl/foy1bZR+Cwlw=="],

    "unstorage": ["unstorage@2.0.0-alpha.5", "", { "peerDependencies": { "@azure/app-configuration": "^1.9.0", "@azure/cosmos": "^4.7.0", "@azure/data-tables": "^13.3.1", "@azure/identity": "^4.13.0", "@azure/keyvault-secrets": "^4.10.0", "@azure/storage-blob": "^12.29.1", "@capacitor/preferences": "^6.0.3 || ^7.0.0", "@deno/kv": ">=0.12.0", "@netlify/blobs": "^6.5.0 || ^7.0.0 || ^8.1.0 || ^9.0.0 || ^10.0.0", "@planetscale/database": "^1.19.0", "@upstash/redis": "^1.35.6", "@vercel/blob": ">=0.27.3", "@vercel/functions": "^2.2.12 || ^3.0.0", "@vercel/kv": "^1.0.1", "aws4fetch": "^1.0.20", "chokidar": "^4 || ^5", "db0": ">=0.3.4", "idb-keyval": "^6.2.2", "ioredis": "^5.8.2", "lru-cache": "^11.2.2", "mongodb": "^6 || ^7", "ofetch": "*", "uploadthing": "^7.7.4" }, "optionalPeers": ["@azure/app-configuration", "@azure/cosmos", "@azure/data-tables", "@azure/identity", "@azure/keyvault-secrets", "@azure/storage-blob", "@capacitor/preferences", "@deno/kv", "@netlify/blobs", "@planetscale/database", "@upstash/redis", "@vercel/blob", "@vercel/functions", "@vercel/kv", "aws4fetch", "chokidar", "db0", "idb-keyval", "ioredis", "lru-cache", "mongodb", "ofetch", "uploadthing"] }, "sha512-Sj8btci21Twnd6M+N+MHhjg3fVn6lAPElPmvFTe0Y/wR0WImErUdA1PzlAaUavHylJ7uDiFwlZDQKm0elG4b7g=="],

    "zod": ["zod@4.3.6", "", {}, "sha512-rftlrkhHZOcjDwkGlnUtZZkvaPHCsDATp4pGpuOOMDaTdDDXF91wuVDJoWoPsKX/3YPQ5fHuF3STjcYyKr+Qhg=="],
  }
}
